
Microsoft Visual Studio Solution File, Format Version 12.00
# Visual Studio Version 16
VisualStudioVersion = 16.0.30907.101
MinimumVisualStudioVersion = 10.0.40219.1
Project("{9A19103F-16F7-4668-BE54-9A1E7A4F7556}") = "backend", "backend.csproj", "{9C4B3B9B-A03C-418A-B974-6D20AC5F508B}"
EndProject
Global
	GlobalSection(SolutionConfigurationPlatforms) = preSolution
		Debug|Any CPU = Debug|Any CPU
		Release|Any CPU = Release|Any CPU
	EndGlobalSection
	GlobalSection(ProjectConfigurationPlatforms) = postSolution
		{9C4B3B9B-A03C-418A-B974-6D20AC5F508B}.Debug|Any CPU.ActiveCfg = Debug|Any CPU
		{9C4B3B9B-A03C-418A-B974-6D20AC5F508B}.Debug|Any CPU.Build.0 = Debug|Any CPU
		{9C4B3B9B-A03C-418A-B974-6D20AC5F508B}.Release|Any CPU.ActiveCfg = Release|Any CPU
		{9C4B3B9B-A03C-418A-B974-6D20AC5F508B}.Release|Any CPU.Build.0 = Release|Any CPU
	EndGlobalSection
	GlobalSection(SolutionProperties) = preSolution
		HideSolutionNode = FALSE
	EndGlobalSection
	GlobalSection(ExtensibilityGlobals) = postSolution
		SolutionGuid = {6CDF96B2-535C-4175-81D1-FDAB7B58F5FE}
	EndGlobalSection
EndGlobal
